// !$*UTF8*$!
{
	archiveVersion = 1;
	classes = {
	};
	objectVersion = 56;
	objects = {

/* Begin PBXBuildFile section */
		0E6A8D8B2C0A7B9B009D84F9 /* GloboPlayDesafioApp.swift in Sources */ = {isa = PBXBuildFile; fileRef = 0E6A8D8A2C0A7B9B009D84F9 /* GloboPlayDesafioApp.swift */; };
		0E6A8D8D2C0A7B9B009D84F9 /* ContentView.swift in Sources */ = {isa = PBXBuildFile; fileRef = 0E6A8D8C2C0A7B9B009D84F9 /* ContentView.swift */; };
		0E6A8D8F2C0A7B9C009D84F9 /* Assets.xcassets in Resources */ = {isa = PBXBuildFile; fileRef = 0E6A8D8E2C0A7B9C009D84F9 /* Assets.xcassets */; };
		0E6A8D922C0A7B9C009D84F9 /* Preview Assets.xcassets in Resources */ = {isa = PBXBuildFile; fileRef = 0E6A8D912C0A7B9C009D84F9 /* Preview Assets.xcassets */; };
		0E6A8D9C2C0A7B9C009D84F9 /* GloboPlayDesafioTests.swift in Sources */ = {isa = PBXBuildFile; fileRef = 0E6A8D9B2C0A7B9C009D84F9 /* GloboPlayDesafioTests.swift */; };
		0E6A8DA62C0A7B9C009D84F9 /* GloboPlayDesafioUITests.swift in Sources */ = {isa = PBXBuildFile; fileRef = 0E6A8DA52C0A7B9C009D84F9 /* GloboPlayDesafioUITests.swift */; };
		0E6A8DA82C0A7B9C009D84F9 /* GloboPlayDesafioUITestsLaunchTests.swift in Sources */ = {isa = PBXBuildFile; fileRef = 0E6A8DA72C0A7B9C009D84F9 /* GloboPlayDesafioUITestsLaunchTests.swift */; };
/* End PBXBuildFile section */

/* Begin PBXContainerItemProxy section */
		0E6A8D982C0A7B9C009D84F9 /* PBXContainerItemProxy */ = {
			isa = PBXContainerItemProxy;
			containerPortal = 0E6A8D7F2C0A7B9B009D84F9 /* Project object */;
			proxyType = 1;
			remoteGlobalIDString = 0E6A8D862C0A7B9B009D84F9;
			remoteInfo = GloboPlayDesafio;
		};
		0E6A8DA22C0A7B9C009D84F9 /* PBXContainerItemProxy */ = {
			isa = PBXContainerItemProxy;
			containerPortal = 0E6A8D7F2C0A7B9B009D84F9 /* Project object */;
			proxyType = 1;
			remoteGlobalIDString = 0E6A8D862C0A7B9B009D84F9;
			remoteInfo = GloboPlayDesafio;
		};
/* End PBXContainerItemProxy section */

/* Begin PBXFileReference section */
		0E6A8D872C0A7B9B009D84F9 /* GloboPlayDesafio.app */ = {isa = PBXFileReference; explicitFileType = wrapper.application; includeInIndex = 0; path = GloboPlayDesafio.app; sourceTree = BUILT_PRODUCTS_DIR; };
		0E6A8D8A2C0A7B9B009D84F9 /* GloboPlayDesafioApp.swift */ = {isa = PBXFileReference; lastKnownFileType = sourcecode.swift; path = GloboPlayDesafioApp.swift; sourceTree = "<group>"; };
		0E6A8D8C2C0A7B9B009D84F9 /* ContentView.swift */ = {isa = PBXFileReference; lastKnownFileType = sourcecode.swift; path = ContentView.swift; sourceTree = "<group>"; };
		0E6A8D8E2C0A7B9C009D84F9 /* Assets.xcassets */ = {isa = PBXFileReference; lastKnownFileType = folder.assetcatalog; path = Assets.xcassets; sourceTree = "<group>"; };
		0E6A8D912C0A7B9C009D84F9 /* Preview Assets.xcassets */ = {isa = PBXFileReference; lastKnownFileType = folder.assetcatalog; path = "Preview Assets.xcassets"; sourceTree = "<group>"; };
		0E6A8D972C0A7B9C009D84F9 /* GloboPlayDesafioTests.xctest */ = {isa = PBXFileReference; explicitFileType = wrapper.cfbundle; includeInIndex = 0; path = GloboPlayDesafioTests.xctest; sourceTree = BUILT_PRODUCTS_DIR; };
		0E6A8D9B2C0A7B9C009D84F9 /* GloboPlayDesafioTests.swift */ = {isa = PBXFileReference; lastKnownFileType = sourcecode.swift; path = GloboPlayDesafioTests.swift; sourceTree = "<group>"; };
		0E6A8DA12C0A7B9C009D84F9 /* GloboPlayDesafioUITests.xctest */ = {isa = PBXFileReference; explicitFileType = wrapper.cfbundle; includeInIndex = 0; path = GloboPlayDesafioUITests.xctest; sourceTree = BUILT_PRODUCTS_DIR; };
		0E6A8DA52C0A7B9C009D84F9 /* GloboPlayDesafioUITests.swift */ = {isa = PBXFileReference; lastKnownFileType = sourcecode.swift; path = GloboPlayDesafioUITests.swift; sourceTree = "<group>"; };
		0E6A8DA72C0A7B9C009D84F9 /* GloboPlayDesafioUITestsLaunchTests.swift */ = {isa = PBXFileReference; lastKnownFileType = sourcecode.swift; path = GloboPlayDesafioUITestsLaunchTests.swift; sourceTree = "<group>"; };
/* End PBXFileReference section */

/* Begin PBXFrameworksBuildPhase section */
		0E6A8D842C0A7B9B009D84F9 /* Frameworks */ = {
			isa = PBXFrameworksBuildPhase;
			buildActionMask = 2147483647;
			files = (
			);
			runOnlyForDeploymentPostprocessing = 0;
		};
		0E6A8D942C0A7B9C009D84F9 /* Frameworks */ = {
			isa = PBXFrameworksBuildPhase;
			buildActionMask = 2147483647;
			files = (
			);
			runOnlyForDeploymentPostprocessing = 0;
		};
		0E6A8D9E2C0A7B9C009D84F9 /* Frameworks */ = {
			isa = PBXFrameworksBuildPhase;
			buildActionMask = 2147483647;
			files = (
			);
			runOnlyForDeploymentPostprocessing = 0;
		};
/* End PBXFrameworksBuildPhase section */

/* Begin PBXGroup section */
		0E6A8D7E2C0A7B9B009D84F9 = {
			isa = PBXGroup;
			children = (
				0E6A8D892C0A7B9B009D84F9 /* GloboPlayDesafio */,
				0E6A8D9A2C0A7B9C009D84F9 /* GloboPlayDesafioTests */,
				0E6A8DA42C0A7B9C009D84F9 /* GloboPlayDesafioUITests */,
				0E6A8D882C0A7B9B009D84F9 /* Products */,
			);
			sourceTree = "<group>";
		};
		0E6A8D882C0A7B9B009D84F9 /* Products */ = {
			isa = PBXGroup;
			children = (
				0E6A8D872C0A7B9B009D84F9 /* GloboPlayDesafio.app */,
				0E6A8D972C0A7B9C009D84F9 /* GloboPlayDesafioTests.xctest */,
				0E6A8DA12C0A7B9C009D84F9 /* GloboPlayDesafioUITests.xctest */,
			);
			name = Products;
			sourceTree = "<group>";
		};
		0E6A8D892C0A7B9B009D84F9 /* GloboPlayDesafio */ = {
			isa = PBXGroup;
			children = (
				0E6A8D8A2C0A7B9B009D84F9 /* GloboPlayDesafioApp.swift */,
				0E6A8D8C2C0A7B9B009D84F9 /* ContentView.swift */,
				0E6A8D8E2C0A7B9C009D84F9 /* Assets.xcassets */,
				0E6A8D902C0A7B9C009D84F9 /* Preview Content */,
			);
			path = GloboPlayDesafio;
			sourceTree = "<group>";
		};
		0E6A8D902C0A7B9C009D84F9 /* Preview Content */ = {
			isa = PBXGroup;
			children = (
				0E6A8D912C0A7B9C009D84F9 /* Preview Assets.xcassets */,
			);
			path = "Preview Content";
			sourceTree = "<group>";
		};
		0E6A8D9A2C0A7B9C009D84F9 /* GloboPlayDesafioTests */ = {
			isa = PBXGroup;
			children = (
				0E6A8D9B2C0A7B9C009D84F9 /* GloboPlayDesafioTests.swift */,
			);
			path = GloboPlayDesafioTests;
			sourceTree = "<group>";
		};
		0E6A8DA42C0A7B9C009D84F9 /* GloboPlayDesafioUITests */ = {
			isa = PBXGroup;
			children = (
				0E6A8DA52C0A7B9C009D84F9 /* GloboPlayDesafioUITests.swift */,
				0E6A8DA72C0A7B9C009D84F9 /* GloboPlayDesafioUITestsLaunchTests.swift */,
			);
			path = GloboPlayDesafioUITests;
			sourceTree = "<group>";
		};
/* End PBXGroup section */

/* Begin PBXNativeTarget section */
		0E6A8D862C0A7B9B009D84F9 /* GloboPlayDesafio */ = {
			isa = PBXNativeTarget;
			buildConfigurationList = 0E6A8DAB2C0A7B9C009D84F9 /* Build configuration list for PBXNativeTarget "GloboPlayDesafio" */;
			buildPhases = (
				0E6A8D832C0A7B9B009D84F9 /* Sources */,
				0E6A8D842C0A7B9B009D84F9 /* Frameworks */,
				0E6A8D852C0A7B9B009D84F9 /* Resources */,
			);
			buildRules = (
			);
			dependencies = (
			);
			name = GloboPlayDesafio;
			productName = GloboPlayDesafio;
			productReference = 0E6A8D872C0A7B9B009D84F9 /* GloboPlayDesafio.app */;
			productType = "com.apple.product-type.application";
		};
		0E6A8D962C0A7B9C009D84F9 /* GloboPlayDesafioTests */ = {
			isa = PBXNativeTarget;
			buildConfigurationList = 0E6A8DAE2C0A7B9C009D84F9 /* Build configuration list for PBXNativeTarget "GloboPlayDesafioTests" */;
			buildPhases = (
				0E6A8D932C0A7B9C009D84F9 /* Sources */,
				0E6A8D942C0A7B9C009D84F9 /* Frameworks */,
				0E6A8D952C0A7B9C009D84F9 /* Resources */,
			);
			buildRules = (
			);
			dependencies = (
				0E6A8D992C0A7B9C009D84F9 /* PBXTargetDependency */,
			);
			name = GloboPlayDesafioTests;
			productName = GloboPlayDesafioTests;
			productReference = 0E6A8D972C0A7B9C009D84F9 /* GloboPlayDesafioTests.xctest */;
			productType = "com.apple.product-type.bundle.unit-test";
		};
		0E6A8DA02C0A7B9C009D84F9 /* GloboPlayDesafioUITests */ = {
			isa = PBXNativeTarget;
			buildConfigurationList = 0E6A8DB12C0A7B9C009D84F9 /* Build configuration list for PBXNativeTarget "GloboPlayDesafioUITests" */;
			buildPhases = (
				0E6A8D9D2C0A7B9C009D84F9 /* Sources */,
				0E6A8D9E2C0A7B9C009D84F9 /* Frameworks */,
				0E6A8D9F2C0A7B9C009D84F9 /* Resources */,
			);
			buildRules = (
			);
			dependencies = (
				0E6A8DA32C0A7B9C009D84F9 /* PBXTargetDependency */,
			);
			name = GloboPlayDesafioUITests;
			productName = GloboPlayDesafioUITests;
			productReference = 0E6A8DA12C0A7B9C009D84F9 /* GloboPlayDesafioUITests.xctest */;
			productType = "com.apple.product-type.bundle.ui-testing";
		};
/* End PBXNativeTarget section */

/* Begin PBXProject section */
		0E6A8D7F2C0A7B9B009D84F9 /* Project object */ = {
			isa = PBXProject;
			attributes = {
				BuildIndependentTargetsInParallel = 1;
				LastSwiftUpdateCheck = 1540;
				LastUpgradeCheck = 1540;
				TargetAttributes = {
					0E6A8D862C0A7B9B009D84F9 = {
						CreatedOnToolsVersion = 15.4;
					};
					0E6A8D962C0A7B9C009D84F9 = {
						CreatedOnToolsVersion = 15.4;
						TestTargetID = 0E6A8D862C0A7B9B009D84F9;
					};
					0E6A8DA02C0A7B9C009D84F9 = {
						CreatedOnToolsVersion = 15.4;
						TestTargetID = 0E6A8D862C0A7B9B009D84F9;
					};
				};
			};
			buildConfigurationList = 0E6A8D822C0A7B9B009D84F9 /* Build configuration list for PBXProject "GloboPlayDesafio" */;
			compatibilityVersion = "Xcode 14.0";
			developmentRegion = en;
			hasScannedForEncodings = 0;
			knownRegions = (
				en,
				Base,
			);
			mainGroup = 0E6A8D7E2C0A7B9B009D84F9;
			productRefGroup = 0E6A8D882C0A7B9B009D84F9 /* Products */;
			projectDirPath = "";
			projectRoot = "";
			targets = (
				0E6A8D862C0A7B9B009D84F9 /* GloboPlayDesafio */,
				0E6A8D962C0A7B9C009D84F9 /* GloboPlayDesafioTests */,
				0E6A8DA02C0A7B9C009D84F9 /* GloboPlayDesafioUITests */,
			);
		};
/* End PBXProject section */

/* Begin PBXResourcesBuildPhase section */
		0E6A8D852C0A7B9B009D84F9 /* Resources */ = {
			isa = PBXResourcesBuildPhase;
			buildActionMask = 2147483647;
			files = (
				0E6A8D922C0A7B9C009D84F9 /* Preview Assets.xcassets in Resources */,
				0E6A8D8F2C0A7B9C009D84F9 /* Assets.xcassets in Resources */,
			);
			runOnlyForDeploymentPostprocessing = 0;
		};
		0E6A8D952C0A7B9C009D84F9 /* Resources */ = {
			isa = PBXResourcesBuildPhase;
			buildActionMask = 2147483647;
			files = (
			);
			runOnlyForDeploymentPostprocessing = 0;
		};
		0E6A8D9F2C0A7B9C009D84F9 /* Resources */ = {
			isa = PBXResourcesBuildPhase;
			buildActionMask = 2147483647;
			files = (
			);
			runOnlyForDeploymentPostprocessing = 0;
		};
/* End PBXResourcesBuildPhase section */

/* Begin PBXSourcesBuildPhase section */
		0E6A8D832C0A7B9B009D84F9 /* Sources */ = {
			isa = PBXSourcesBuildPhase;
			buildActionMask = 2147483647;
			files = (
				0E6A8D8D2C0A7B9B009D84F9 /* ContentView.swift in Sources */,
				0E6A8D8B2C0A7B9B009D84F9 /* GloboPlayDesafioApp.swift in Sources */,
			);
			runOnlyForDeploymentPostprocessing = 0;
		};
		0E6A8D932C0A7B9C009D84F9 /* Sources */ = {
			isa = PBXSourcesBuildPhase;
			buildActionMask = 2147483647;
			files = (
				0E6A8D9C2C0A7B9C009D84F9 /* GloboPlayDesafioTests.swift in Sources */,
			);
			runOnlyForDeploymentPostprocessing = 0;
		};
		0E6A8D9D2C0A7B9C009D84F9 /* Sources */ = {
			isa = PBXSourcesBuildPhase;
			buildActionMask = 2147483647;
			files = (
				0E6A8DA82C0A7B9C009D84F9 /* GloboPlayDesafioUITestsLaunchTests.swift in Sources */,
				0E6A8DA62C0A7B9C009D84F9 /* GloboPlayDesafioUITests.swift in Sources */,
			);
			runOnlyForDeploymentPostprocessing = 0;
		};
/* End PBXSourcesBuildPhase section */

/* Begin PBXTargetDependency section */
		0E6A8D992C0A7B9C009D84F9 /* PBXTargetDependency */ = {
			isa = PBXTargetDependency;
			target = 0E6A8D862C0A7B9B009D84F9 /* GloboPlayDesafio */;
			targetProxy = 0E6A8D982C0A7B9C009D84F9 /* PBXContainerItemProxy */;
		};
		0E6A8DA32C0A7B9C009D84F9 /* PBXTargetDependency */ = {
			isa = PBXTargetDependency;
			target = 0E6A8D862C0A7B9B009D84F9 /* GloboPlayDesafio */;
			targetProxy = 0E6A8DA22C0A7B9C009D84F9 /* PBXContainerItemProxy */;
		};
/* End PBXTargetDependency section */

/* Begin XCBuildConfiguration section */
		0E6A8DA92C0A7B9C009D84F9 /* Debug */ = {
			isa = XCBuildConfiguration;
			buildSettings = {
				ALWAYS_SEARCH_USER_PATHS = NO;
				ASSETCATALOG_COMPILER_GENERATE_SWIFT_ASSET_SYMBOL_EXTENSIONS = YES;
				CLANG_ANALYZER_NONNULL = YES;
				CLANG_ANALYZER_NUMBER_OBJECT_CONVERSION = YES_AGGRESSIVE;
				CLANG_CXX_LANGUAGE_STANDARD = "gnu++20";
				CLANG_ENABLE_MODULES = YES;
				CLANG_ENABLE_OBJC_ARC = YES;
				CLANG_ENABLE_OBJC_WEAK = YES;
				CLANG_WARN_BLOCK_CAPTURE_AUTORELEASING = YES;
				CLANG_WARN_BOOL_CONVERSION = YES;
				CLANG_WARN_COMMA = YES;
				CLANG_WARN_CONSTANT_CONVERSION = YES;
				CLANG_WARN_DEPRECATED_OBJC_IMPLEMENTATIONS = YES;
				CLANG_WARN_DIRECT_OBJC_ISA_USAGE = YES_ERROR;
				CLANG_WARN_DOCUMENTATION_COMMENTS = YES;
				CLANG_WARN_EMPTY_BODY = YES;
				CLANG_WARN_ENUM_CONVERSION = YES;
				CLANG_WARN_INFINITE_RECURSION = YES;
				CLANG_WARN_INT_CONVERSION = YES;
				CLANG_WARN_NON_LITERAL_NULL_CONVERSION = YES;
				CLANG_WARN_OBJC_IMPLICIT_RETAIN_SELF = YES;
				CLANG_WARN_OBJC_LITERAL_CONVERSION = YES;
				CLANG_WARN_OBJC_ROOT_CLASS = YES_ERROR;
				CLANG_WARN_QUOTED_INCLUDE_IN_FRAMEWORK_HEADER = YES;
				CLANG_WARN_RANGE_LOOP_ANALYSIS = YES;
				CLANG_WARN_STRICT_PROTOTYPES = YES;
				CLANG_WARN_SUSPICIOUS_MOVE = YES;
				CLANG_WARN_UNGUARDED_AVAILABILITY = YES_AGGRESSIVE;
				CLANG_WARN_UNREACHABLE_CODE = YES;
				CLANG_WARN__DUPLICATE_METHOD_MATCH = YES;
				COPY_PHASE_STRIP = NO;
				DEBUG_INFORMATION_FORMAT = dwarf;
				ENABLE_STRICT_OBJC_MSGSEND = YES;
				ENABLE_TESTABILITY = YES;
				ENABLE_USER_SCRIPT_SANDBOXING = YES;
				GCC_C_LANGUAGE_STANDARD = gnu17;
				GCC_DYNAMIC_NO_PIC = NO;
				GCC_NO_COMMON_BLOCKS = YES;
				GCC_OPTIMIZATION_LEVEL = 0;
				GCC_PREPROCESSOR_DEFINITIONS = (
					"DEBUG=1",
					"$(inherited)",
				);
				GCC_WARN_64_TO_32_BIT_CONVERSION = YES;
				GCC_WARN_ABOUT_RETURN_TYPE = YES_ERROR;
				GCC_WARN_UNDECLARED_SELECTOR = YES;
				GCC_WARN_UNINITIALIZED_AUTOS = YES_AGGRESSIVE;
				GCC_WARN_UNUSED_FUNCTION = YES;
				GCC_WARN_UNUSED_VARIABLE = YES;
				IPHONEOS_DEPLOYMENT_TARGET = 17.5;
				LOCALIZATION_PREFERS_STRING_CATALOGS = YES;
				MTL_ENABLE_DEBUG_INFO = INCLUDE_SOURCE;
				MTL_FAST_MATH = YES;
				ONLY_ACTIVE_ARCH = YES;
				SDKROOT = iphoneos;
				SWIFT_ACTIVE_COMPILATION_CONDITIONS = "DEBUG $(inherited)";
				SWIFT_OPTIMIZATION_LEVEL = "-Onone";
			};
			name = Debug;
		};
		0E6A8DAA2C0A7B9C009D84F9 /* Release */ = {
			isa = XCBuildConfiguration;
			buildSettings = {
				ALWAYS_SEARCH_USER_PATHS = NO;
				ASSETCATALOG_COMPILER_GENERATE_SWIFT_ASSET_SYMBOL_EXTENSIONS = YES;
				CLANG_ANALYZER_NONNULL = YES;
				CLANG_ANALYZER_NUMBER_OBJECT_CONVERSION = YES_AGGRESSIVE;
				CLANG_CXX_LANGUAGE_STANDARD = "gnu++20";
				CLANG_ENABLE_MODULES = YES;
				CLANG_ENABLE_OBJC_ARC = YES;
				CLANG_ENABLE_OBJC_WEAK = YES;
				CLANG_WARN_BLOCK_CAPTURE_AUTORELEASING = YES;
				CLANG_WARN_BOOL_CONVERSION = YES;
				CLANG_WARN_COMMA = YES;
				CLANG_WARN_CONSTANT_CONVERSION = YES;
				CLANG_WARN_DEPRECATED_OBJC_IMPLEMENTATIONS = YES;
				CLANG_WARN_DIRECT_OBJC_ISA_USAGE = YES_ERROR;
				CLANG_WARN_DOCUMENTATION_COMMENTS = YES;
				CLANG_WARN_EMPTY_BODY = YES;
				CLANG_WARN_ENUM_CONVERSION = YES;
				CLANG_WARN_INFINITE_RECURSION = YES;
				CLANG_WARN_INT_CONVERSION = YES;
				CLANG_WARN_NON_LITERAL_NULL_CONVERSION = YES;
				CLANG_WARN_OBJC_IMPLICIT_RETAIN_SELF = YES;
				CLANG_WARN_OBJC_LITERAL_CONVERSION = YES;
				CLANG_WARN_OBJC_ROOT_CLASS = YES_ERROR;
				CLANG_WARN_QUOTED_INCLUDE_IN_FRAMEWORK_HEADER = YES;
				CLANG_WARN_RANGE_LOOP_ANALYSIS = YES;
				CLANG_WARN_STRICT_PROTOTYPES = YES;
				CLANG_WARN_SUSPICIOUS_MOVE = YES;
				CLANG_WARN_UNGUARDED_AVAILABILITY = YES_AGGRESSIVE;
				CLANG_WARN_UNREACHABLE_CODE = YES;
				CLANG_WARN__DUPLICATE_METHOD_MATCH = YES;
				COPY_PHASE_STRIP = NO;
				DEBUG_INFORMATION_FORMAT = "dwarf-with-dsym";
				ENABLE_NS_ASSERTIONS = NO;
				ENABLE_STRICT_OBJC_MSGSEND = YES;
				ENABLE_USER_SCRIPT_SANDBOXING = YES;
				GCC_C_LANGUAGE_STANDARD = gnu17;
				GCC_NO_COMMON_BLOCKS = YES;
				GCC_WARN_64_TO_32_BIT_CONVERSION = YES;
				GCC_WARN_ABOUT_RETURN_TYPE = YES_ERROR;
				GCC_WARN_UNDECLARED_SELECTOR = YES;
				GCC_WARN_UNINITIALIZED_AUTOS = YES_AGGRESSIVE;
				GCC_WARN_UNUSED_FUNCTION = YES;
				GCC_WARN_UNUSED_VARIABLE = YES;
				IPHONEOS_DEPLOYMENT_TARGET = 17.5;
				LOCALIZATION_PREFERS_STRING_CATALOGS = YES;
				MTL_ENABLE_DEBUG_INFO = NO;
				MTL_FAST_MATH = YES;
				SDKROOT = iphoneos;
				SWIFT_COMPILATION_MODE = wholemodule;
				VALIDATE_PRODUCT = YES;
			};
			name = Release;
		};
		0E6A8DAC2C0A7B9C009D84F9 /* Debug */ = {
			isa = XCBuildConfiguration;
			buildSettings = {
				ASSETCATALOG_COMPILER_APPICON_NAME = AppIcon;
				ASSETCATALOG_COMPILER_GLOBAL_ACCENT_COLOR_NAME = AccentColor;
				CODE_SIGN_STYLE = Automatic;
				CURRENT_PROJECT_VERSION = 1;
				DEVELOPMENT_ASSET_PATHS = "\"GloboPlayDesafio/Preview Content\"";
				DEVELOPMENT_TEAM = Q6A28X826V;
				ENABLE_PREVIEWS = YES;
				GENERATE_INFOPLIST_FILE = YES;
				INFOPLIST_KEY_UIApplicationSceneManifest_Generation = YES;
				INFOPLIST_KEY_UIApplicationSupportsIndirectInputEvents = YES;
				INFOPLIST_KEY_UILaunchScreen_Generation = YES;
				INFOPLIST_KEY_UISupportedInterfaceOrientations_iPad = "UIInterfaceOrientationPortrait UIInterfaceOrientationPortraitUpsideDown UIInterfaceOrientationLandscapeLeft UIInterfaceOrientationLandscapeRight";
				INFOPLIST_KEY_UISupportedInterfaceOrientations_iPhone = "UIInterfaceOrientationPortrait UIInterfaceOrientationLandscapeLeft UIInterfaceOrientationLandscapeRight";
				LD_RUNPATH_SEARCH_PATHS = (
					"$(inherited)",
					"@executable_path/Frameworks",
				);
				MARKETING_VERSION = 1.0;
				PRODUCT_BUNDLE_IDENTIFIER = golfetto.16mb.GloboPlayDesafio;
				PRODUCT_NAME = "$(TARGET_NAME)";
				SWIFT_EMIT_LOC_STRINGS = YES;
				SWIFT_VERSION = 5.0;
				TARGETED_DEVICE_FAMILY = "1,2";
			};
			name = Debug;
		};
		0E6A8DAD2C0A7B9C009D84F9 /* Release */ = {
			isa = XCBuildConfiguration;
			buildSettings = {
				ASSETCATALOG_COMPILER_APPICON_NAME = AppIcon;
				ASSETCATALOG_COMPILER_GLOBAL_ACCENT_COLOR_NAME = AccentColor;
				CODE_SIGN_STYLE = Automatic;
				CURRENT_PROJECT_VERSION = 1;
				DEVELOPMENT_ASSET_PATHS = "\"GloboPlayDesafio/Preview Content\"";
				DEVELOPMENT_TEAM = Q6A28X826V;
				ENABLE_PREVIEWS = YES;
				GENERATE_INFOPLIST_FILE = YES;
				INFOPLIST_KEY_UIApplicationSceneManifest_Generation = YES;
				INFOPLIST_KEY_UIApplicationSupportsIndirectInputEvents = YES;
				INFOPLIST_KEY_UILaunchScreen_Generation = YES;
				INFOPLIST_KEY_UISupportedInterfaceOrientations_iPad = "UIInterfaceOrientationPortrait UIInterfaceOrientationPortraitUpsideDown UIInterfaceOrientationLandscapeLeft UIInterfaceOrientationLandscapeRight";
				INFOPLIST_KEY_UISupportedInterfaceOrientations_iPhone = "UIInterfaceOrientationPortrait UIInterfaceOrientationLandscapeLeft UIInterfaceOrientationLandscapeRight";
				LD_RUNPATH_SEARCH_PATHS = (
					"$(inherited)",
					"@executable_path/Frameworks",
				);
				MARKETING_VERSION = 1.0;
				PRODUCT_BUNDLE_IDENTIFIER = golfetto.16mb.GloboPlayDesafio;
				PRODUCT_NAME = "$(TARGET_NAME)";
				SWIFT_EMIT_LOC_STRINGS = YES;
				SWIFT_VERSION = 5.0;
				TARGETED_DEVICE_FAMILY = "1,2";
			};
			name = Release;
		};
		0E6A8DAF2C0A7B9C009D84F9 /* Debug */ = {
			isa = XCBuildConfiguration;
			buildSettings = {
				ALWAYS_EMBED_SWIFT_STANDARD_LIBRARIES = YES;
				BUNDLE_LOADER = "$(TEST_HOST)";
				CODE_SIGN_STYLE = Automatic;
				CURRENT_PROJECT_VERSION = 1;
				DEVELOPMENT_TEAM = Q6A28X826V;
				GENERATE_INFOPLIST_FILE = YES;
				IPHONEOS_DEPLOYMENT_TARGET = 17.5;
				MARKETING_VERSION = 1.0;
				PRODUCT_BUNDLE_IDENTIFIER = golfetto.16mb.GloboPlayDesafioTests;
				PRODUCT_NAME = "$(TARGET_NAME)";
				SWIFT_EMIT_LOC_STRINGS = NO;
				SWIFT_VERSION = 5.0;
				TARGETED_DEVICE_FAMILY = "1,2";
				TEST_HOST = "$(BUILT_PRODUCTS_DIR)/GloboPlayDesafio.app/$(BUNDLE_EXECUTABLE_FOLDER_PATH)/GloboPlayDesafio";
			};
			name = Debug;
		};
		0E6A8DB02C0A7B9C009D84F9 /* Release */ = {
			isa = XCBuildConfiguration;
			buildSettings = {
				ALWAYS_EMBED_SWIFT_STANDARD_LIBRARIES = YES;
				BUNDLE_LOADER = "$(TEST_HOST)";
				CODE_SIGN_STYLE = Automatic;
				CURRENT_PROJECT_VERSION = 1;
				DEVELOPMENT_TEAM = Q6A28X826V;
				GENERATE_INFOPLIST_FILE = YES;
				IPHONEOS_DEPLOYMENT_TARGET = 17.5;
				MARKETING_VERSION = 1.0;
				PRODUCT_BUNDLE_IDENTIFIER = golfetto.16mb.GloboPlayDesafioTests;
				PRODUCT_NAME = "$(TARGET_NAME)";
				SWIFT_EMIT_LOC_STRINGS = NO;
				SWIFT_VERSION = 5.0;
				TARGETED_DEVICE_FAMILY = "1,2";
				TEST_HOST = "$(BUILT_PRODUCTS_DIR)/GloboPlayDesafio.app/$(BUNDLE_EXECUTABLE_FOLDER_PATH)/GloboPlayDesafio";
			};
			name = Release;
		};
		0E6A8DB22C0A7B9C009D84F9 /* Debug */ = {
			isa = XCBuildConfiguration;
			buildSettings = {
				ALWAYS_EMBED_SWIFT_STANDARD_LIBRARIES = YES;
				CODE_SIGN_STYLE = Automatic;
				CURRENT_PROJECT_VERSION = 1;
				DEVELOPMENT_TEAM = Q6A28X826V;
				GENERATE_INFOPLIST_FILE = YES;
				MARKETING_VERSION = 1.0;
				PRODUCT_BUNDLE_IDENTIFIER = golfetto.16mb.GloboPlayDesafioUITests;
				PRODUCT_NAME = "$(TARGET_NAME)";
				SWIFT_EMIT_LOC_STRINGS = NO;
				SWIFT_VERSION = 5.0;
				TARGETED_DEVICE_FAMILY = "1,2";
				TEST_TARGET_NAME = GloboPlayDesafio;
			};
			name = Debug;
		};
		0E6A8DB32C0A7B9C009D84F9 /* Release */ = {
			isa = XCBuildConfiguration;
			buildSettings = {
				ALWAYS_EMBED_SWIFT_STANDARD_LIBRARIES = YES;
				CODE_SIGN_STYLE = Automatic;
				CURRENT_PROJECT_VERSION = 1;
				DEVELOPMENT_TEAM = Q6A28X826V;
				GENERATE_INFOPLIST_FILE = YES;
				MARKETING_VERSION = 1.0;
				PRODUCT_BUNDLE_IDENTIFIER = golfetto.16mb.GloboPlayDesafioUITests;
				PRODUCT_NAME = "$(TARGET_NAME)";
				SWIFT_EMIT_LOC_STRINGS = NO;
				SWIFT_VERSION = 5.0;
				TARGETED_DEVICE_FAMILY = "1,2";
				TEST_TARGET_NAME = GloboPlayDesafio;
			};
			name = Release;
		};
/* End XCBuildConfiguration section */

/* Begin XCConfigurationList section */
		0E6A8D822C0A7B9B009D84F9 /* Build configuration list for PBXProject "GloboPlayDesafio" */ = {
			isa = XCConfigurationList;
			buildConfigurations = (
				0E6A8DA92C0A7B9C009D84F9 /* Debug */,
				0E6A8DAA2C0A7B9C009D84F9 /* Release */,
			);
			defaultConfigurationIsVisible = 0;
			defaultConfigurationName = Release;
		};
		0E6A8DAB2C0A7B9C009D84F9 /* Build configuration list for PBXNativeTarget "GloboPlayDesafio" */ = {
			isa = XCConfigurationList;
			buildConfigurations = (
				0E6A8DAC2C0A7B9C009D84F9 /* Debug */,
				0E6A8DAD2C0A7B9C009D84F9 /* Release */,
			);
			defaultConfigurationIsVisible = 0;
			defaultConfigurationName = Release;
		};
		0E6A8DAE2C0A7B9C009D84F9 /* Build configuration list for PBXNativeTarget "GloboPlayDesafioTests" */ = {
			isa = XCConfigurationList;
			buildConfigurations = (
				0E6A8DAF2C0A7B9C009D84F9 /* Debug */,
				0E6A8DB02C0A7B9C009D84F9 /* Release */,
			);
			defaultConfigurationIsVisible = 0;
			defaultConfigurationName = Release;
		};
		0E6A8DB12C0A7B9C009D84F9 /* Build configuration list for PBXNativeTarget "GloboPlayDesafioUITests" */ = {
			isa = XCConfigurationList;
			buildConfigurations = (
				0E6A8DB22C0A7B9C009D84F9 /* Debug */,
				0E6A8DB32C0A7B9C009D84F9 /* Release */,
			);
			defaultConfigurationIsVisible = 0;
			defaultConfigurationName = Release;
		};
/* End XCConfigurationList section */
	};
	rootObject = 0E6A8D7F2C0A7B9B009D84F9 /* Project object */;
}
